
Microsoft Visual Studio Solution File, Format Version 12.00
# Visual Studio Version 17
VisualStudioVersion = 17.3.32901.215
MinimumVisualStudioVersion = 10.0.40219.1
Project("{9A19103F-16F7-4668-BE54-9A1E7A4F7556}") = "1480. Running Sum of 1d Array", "1480. Running Sum of 1d Array\1480. Running Sum of 1d Array.csproj", "{9B7BDB44-0BFF-412B-A5D6-85D17BCDABF2}"
EndProject
Project("{9A19103F-16F7-4668-BE54-9A1E7A4F7556}") = "724. Find Pivot Index", "724. Find Pivot Index\724. Find Pivot Index.csproj", "{BC5BBAB9-1773-4CFB-95F3-28B00F1AE9A4}"
EndProject
Project("{9A19103F-16F7-4668-BE54-9A1E7A4F7556}") = "217. Contains Duplicate", "217. Contains Duplicate\217. Contains Duplicate.csproj", "{E21F0BDF-460A-4B8D-8883-EEA5685944F3}"
EndProject
Project("{9A19103F-16F7-4668-BE54-9A1E7A4F7556}") = "53. Maximum Subarray", "53. Maximum Subarray\53. Maximum Subarray.csproj", "{E0110066-D8FE-465D-A3FC-E141E80CDCC2}"
EndProject
Project("{9A19103F-16F7-4668-BE54-9A1E7A4F7556}") = "1. Two Sum", "1. Two Sum\1. Two Sum.csproj", "{F5685CDB-BFC9-46A1-AF6D-15B6045D4643}"
EndProject
Project("{9A19103F-16F7-4668-BE54-9A1E7A4F7556}") = "88. Merge Sorted Array", "88. Merge Sorted Array\88. Merge Sorted Array.csproj", "{52F34DF1-C947-43F1-9968-21C5F99E114A}"
EndProject
Project("{9A19103F-16F7-4668-BE54-9A1E7A4F7556}") = "205. Isomorphic Strings", "205. Isomorphic Strings\205. Isomorphic Strings.csproj", "{0F02F764-E6BC-457A-86C1-03F8ABDD0531}"
EndProject
Project("{9A19103F-16F7-4668-BE54-9A1E7A4F7556}") = "392. Is Subsequence", "392. Is Subsequence\392. Is Subsequence.csproj", "{82D9F372-85D0-4293-932D-6F90D4AF9CBD}"
EndProject
Project("{9A19103F-16F7-4668-BE54-9A1E7A4F7556}") = "350. Intersection of Two Arrays II", "350. Intersection of Two Arrays II\350. Intersection of Two Arrays II.csproj", "{3EDA43F9-22B1-4CFE-9912-031FFAA2200E}"
EndProject
Project("{9A19103F-16F7-4668-BE54-9A1E7A4F7556}") = "121. Best Time to Buy and Sell Stock", "121. Best Time to Buy and Sell Stock\121. Best Time to Buy and Sell Stock.csproj", "{79A12189-DF47-4F0B-ADB1-A5FD930AE7EB}"
EndProject
Project("{9A19103F-16F7-4668-BE54-9A1E7A4F7556}") = "21. Merge Two Sorted Lists", "21. Merge Two Sorted Lists\21. Merge Two Sorted Lists.csproj", "{3063143F-AAF9-4B23-8D98-A7236E01AA27}"
EndProject
Project("{9A19103F-16F7-4668-BE54-9A1E7A4F7556}") = "206. Reverse Linked List", "206. Reverse Linked List\206. Reverse Linked List.csproj", "{1C1BEA62-325F-48F8-8CC0-D5828A62F14F}"
EndProject
Project("{9A19103F-16F7-4668-BE54-9A1E7A4F7556}") = "704. Binary Search", "704. Binary Search\704. Binary Search.csproj", "{69081812-D523-4211-AE09-9DAF8E9B83D8}"
EndProject
Project("{9A19103F-16F7-4668-BE54-9A1E7A4F7556}") = "278. First Bad Version", "278. First Bad Version\278. First Bad Version.csproj", "{3BA31E13-3748-4C4A-BE68-24D2E3DF0DC1}"
EndProject
Project("{9A19103F-16F7-4668-BE54-9A1E7A4F7556}") = "35. Search Insert Position", "35. Search Insert Position\35. Search Insert Position.csproj", "{B595BB51-666D-4E39-86EE-F9A3B8D8DA58}"
EndProject
Project("{9A19103F-16F7-4668-BE54-9A1E7A4F7556}") = "876. Middle of the Linked List", "876. Middle of the Linked List\876. Middle of the Linked List.csproj", "{2510B3B5-87EE-44AB-A2A7-BCAE9E6E91C6}"
EndProject
Project("{9A19103F-16F7-4668-BE54-9A1E7A4F7556}") = "566. Reshape the Matrix", "566. Reshape the Matrix\566. Reshape the Matrix.csproj", "{DD4A53CF-D840-48BF-8F8F-33E39D492BD3}"
EndProject
Project("{9A19103F-16F7-4668-BE54-9A1E7A4F7556}") = "118. Pascal's Triangle", "118. Pascal's Triangle\118. Pascal's Triangle.csproj", "{E1BB66AE-E4E6-441F-9B5C-1B7FFDF7912C}"
EndProject
Project("{9A19103F-16F7-4668-BE54-9A1E7A4F7556}") = "977. Squares of a Sorted Array", "977. Squares of a Sorted Array\977. Squares of a Sorted Array.csproj", "{F0B9DD20-6230-4381-8814-072C2E159624}"
EndProject
Project("{9A19103F-16F7-4668-BE54-9A1E7A4F7556}") = "189. Rotate Array", "189. Rotate Array\189. Rotate Array.csproj", "{CAF5FFD6-9598-412D-8569-EB62136D34C8}"
EndProject
Project("{9A19103F-16F7-4668-BE54-9A1E7A4F7556}") = "142. Linked List Cycle II", "142. Linked List Cycle II\142. Linked List Cycle II.csproj", "{EBA96217-EAD0-456C-B1C6-79A7A227ED0A}"
EndProject
Project("{9A19103F-16F7-4668-BE54-9A1E7A4F7556}") = "283. Move Zeroes", "283. Move Zeroes\283. Move Zeroes.csproj", "{E3D6C525-24EE-4FA3-B2E4-AC8397F7BB1F}"
EndProject
Project("{9A19103F-16F7-4668-BE54-9A1E7A4F7556}") = "167. Two Sum II - Input Array Is Sorted", "167. Two Sum II - Input Array Is Sorted\167. Two Sum II - Input Array Is Sorted.csproj", "{9F76EF2C-CAF7-470E-A3A4-195D10B9FCD3}"
EndProject
Project("{9A19103F-16F7-4668-BE54-9A1E7A4F7556}") = "74. Search a 2D Matrix", "74. Search a 2D Matrix\74. Search a 2D Matrix.csproj", "{8B14DDDD-DCEF-4EF6-B2B4-5A6D525E1E18}"
EndProject
Project("{9A19103F-16F7-4668-BE54-9A1E7A4F7556}") = "240. Search a 2D Matrix II", "240. Search a 2D Matrix II\240. Search a 2D Matrix II.csproj", "{F47BA875-AF2F-4D00-AB75-A62A6E31387C}"
EndProject
Project("{9A19103F-16F7-4668-BE54-9A1E7A4F7556}") = "409. Longest Palindrome", "409. Longest Palindrome\409. Longest Palindrome.csproj", "{F40EDCD6-7BEC-4F1E-BE95-8CD91389122F}"
EndProject
Project("{9A19103F-16F7-4668-BE54-9A1E7A4F7556}") = "36. Valid Sudoku", "36. Valid Sudoku\36. Valid Sudoku.csproj", "{C1759C38-D2E4-4869-B6C2-259B26586E11}"
EndProject
Project("{9A19103F-16F7-4668-BE54-9A1E7A4F7556}") = "344. Reverse String", "344. Reverse String\344. Reverse String.csproj", "{65D5229E-6D7D-41D2-BB68-2EBA40E9DCE3}"
EndProject
Project("{9A19103F-16F7-4668-BE54-9A1E7A4F7556}") = "557. Reverse Words in a String III", "557. Reverse Words in a String III\557. Reverse Words in a String III.csproj", "{B3E1C7CD-0992-49BB-B44A-E129912763DB}"
EndProject
Project("{9A19103F-16F7-4668-BE54-9A1E7A4F7556}") = "387. First Unique Character in a String", "387. First Unique Character in a String\387. First Unique Character in a String.csproj", "{3B479362-7079-4112-AFA1-3C344E83C8C2}"
EndProject
Project("{9A19103F-16F7-4668-BE54-9A1E7A4F7556}") = "383. Ransom Note", "383. Ransom Note\383. Ransom Note.csproj", "{6F43E7FE-AD78-47D6-86FA-33B42DC55882}"
EndProject
Project("{9A19103F-16F7-4668-BE54-9A1E7A4F7556}") = "242. Valid Anagram", "242. Valid Anagram\242. Valid Anagram.csproj", "{FBD8C83E-D3F9-4CE3-B5DD-9C326CBC692C}"
EndProject
Project("{9A19103F-16F7-4668-BE54-9A1E7A4F7556}") = "589. N-ary Tree Preorder Traversal", "589. N-ary Tree Preorder Traversal\589. N-ary Tree Preorder Traversal.csproj", "{4A8355E0-FF05-4DF3-B735-4B11BEAD95C5}"
EndProject
Project("{9A19103F-16F7-4668-BE54-9A1E7A4F7556}") = "102. Binary Tree Level Order Traversal", "102. Binary Tree Level Order Traversal\102. Binary Tree Level Order Traversal.csproj", "{557D8195-C886-4B52-BBC4-285A1C1057FF}"
EndProject
Project("{FAE04EC0-301F-11D3-BF4B-00C04F79EFBC}") = "141. Linked List Cycle", "141. Linked List Cycle\141. Linked List Cycle.csproj", "{EC089303-B1E1-482F-BAED-530DAB4C1346}"
EndProject
Project("{FAE04EC0-301F-11D3-BF4B-00C04F79EFBC}") = "203. Remove Linked List Elements", "203. Remove Linked List Elements\203. Remove Linked List Elements.csproj", "{F2C5A71D-91C7-4270-8150-8D96DA73538C}"
EndProject
Project("{FAE04EC0-301F-11D3-BF4B-00C04F79EFBC}") = "19. Remove Nth Node From End of List", "19. Remove Nth Node From End of List\19. Remove Nth Node From End of List.csproj", "{88473211-C7AD-4F83-92C2-D4E6B9BB9D8A}"
EndProject
Global
	GlobalSection(SolutionConfigurationPlatforms) = preSolution
		Debug|Any CPU = Debug|Any CPU
		Release|Any CPU = Release|Any CPU
	EndGlobalSection
	GlobalSection(ProjectConfigurationPlatforms) = postSolution
		{9B7BDB44-0BFF-412B-A5D6-85D17BCDABF2}.Debug|Any CPU.ActiveCfg = Debug|Any CPU
		{9B7BDB44-0BFF-412B-A5D6-85D17BCDABF2}.Debug|Any CPU.Build.0 = Debug|Any CPU
		{9B7BDB44-0BFF-412B-A5D6-85D17BCDABF2}.Release|Any CPU.ActiveCfg = Release|Any CPU
		{9B7BDB44-0BFF-412B-A5D6-85D17BCDABF2}.Release|Any CPU.Build.0 = Release|Any CPU
		{BC5BBAB9-1773-4CFB-95F3-28B00F1AE9A4}.Debug|Any CPU.ActiveCfg = Debug|Any CPU
		{BC5BBAB9-1773-4CFB-95F3-28B00F1AE9A4}.Debug|Any CPU.Build.0 = Debug|Any CPU
		{BC5BBAB9-1773-4CFB-95F3-28B00F1AE9A4}.Release|Any CPU.ActiveCfg = Release|Any CPU
		{BC5BBAB9-1773-4CFB-95F3-28B00F1AE9A4}.Release|Any CPU.Build.0 = Release|Any CPU
		{E21F0BDF-460A-4B8D-8883-EEA5685944F3}.Debug|Any CPU.ActiveCfg = Debug|Any CPU
		{E21F0BDF-460A-4B8D-8883-EEA5685944F3}.Debug|Any CPU.Build.0 = Debug|Any CPU
		{E21F0BDF-460A-4B8D-8883-EEA5685944F3}.Release|Any CPU.ActiveCfg = Release|Any CPU
		{E21F0BDF-460A-4B8D-8883-EEA5685944F3}.Release|Any CPU.Build.0 = Release|Any CPU
		{E0110066-D8FE-465D-A3FC-E141E80CDCC2}.Debug|Any CPU.ActiveCfg = Debug|Any CPU
		{E0110066-D8FE-465D-A3FC-E141E80CDCC2}.Debug|Any CPU.Build.0 = Debug|Any CPU
		{E0110066-D8FE-465D-A3FC-E141E80CDCC2}.Release|Any CPU.ActiveCfg = Release|Any CPU
		{E0110066-D8FE-465D-A3FC-E141E80CDCC2}.Release|Any CPU.Build.0 = Release|Any CPU
		{F5685CDB-BFC9-46A1-AF6D-15B6045D4643}.Debug|Any CPU.ActiveCfg = Debug|Any CPU
		{F5685CDB-BFC9-46A1-AF6D-15B6045D4643}.Debug|Any CPU.Build.0 = Debug|Any CPU
		{F5685CDB-BFC9-46A1-AF6D-15B6045D4643}.Release|Any CPU.ActiveCfg = Release|Any CPU
		{F5685CDB-BFC9-46A1-AF6D-15B6045D4643}.Release|Any CPU.Build.0 = Release|Any CPU
		{52F34DF1-C947-43F1-9968-21C5F99E114A}.Debug|Any CPU.ActiveCfg = Debug|Any CPU
		{52F34DF1-C947-43F1-9968-21C5F99E114A}.Debug|Any CPU.Build.0 = Debug|Any CPU
		{52F34DF1-C947-43F1-9968-21C5F99E114A}.Release|Any CPU.ActiveCfg = Release|Any CPU
		{52F34DF1-C947-43F1-9968-21C5F99E114A}.Release|Any CPU.Build.0 = Release|Any CPU
		{0F02F764-E6BC-457A-86C1-03F8ABDD0531}.Debug|Any CPU.ActiveCfg = Debug|Any CPU
		{0F02F764-E6BC-457A-86C1-03F8ABDD0531}.Debug|Any CPU.Build.0 = Debug|Any CPU
		{0F02F764-E6BC-457A-86C1-03F8ABDD0531}.Release|Any CPU.ActiveCfg = Release|Any CPU
		{0F02F764-E6BC-457A-86C1-03F8ABDD0531}.Release|Any CPU.Build.0 = Release|Any CPU
		{82D9F372-85D0-4293-932D-6F90D4AF9CBD}.Debug|Any CPU.ActiveCfg = Debug|Any CPU
		{82D9F372-85D0-4293-932D-6F90D4AF9CBD}.Debug|Any CPU.Build.0 = Debug|Any CPU
		{82D9F372-85D0-4293-932D-6F90D4AF9CBD}.Release|Any CPU.ActiveCfg = Release|Any CPU
		{82D9F372-85D0-4293-932D-6F90D4AF9CBD}.Release|Any CPU.Build.0 = Release|Any CPU
		{3EDA43F9-22B1-4CFE-9912-031FFAA2200E}.Debug|Any CPU.ActiveCfg = Debug|Any CPU
		{3EDA43F9-22B1-4CFE-9912-031FFAA2200E}.Debug|Any CPU.Build.0 = Debug|Any CPU
		{3EDA43F9-22B1-4CFE-9912-031FFAA2200E}.Release|Any CPU.ActiveCfg = Release|Any CPU
		{3EDA43F9-22B1-4CFE-9912-031FFAA2200E}.Release|Any CPU.Build.0 = Release|Any CPU
		{79A12189-DF47-4F0B-ADB1-A5FD930AE7EB}.Debug|Any CPU.ActiveCfg = Debug|Any CPU
		{79A12189-DF47-4F0B-ADB1-A5FD930AE7EB}.Debug|Any CPU.Build.0 = Debug|Any CPU
		{79A12189-DF47-4F0B-ADB1-A5FD930AE7EB}.Release|Any CPU.ActiveCfg = Release|Any CPU
		{79A12189-DF47-4F0B-ADB1-A5FD930AE7EB}.Release|Any CPU.Build.0 = Release|Any CPU
		{3063143F-AAF9-4B23-8D98-A7236E01AA27}.Debug|Any CPU.ActiveCfg = Debug|Any CPU
		{3063143F-AAF9-4B23-8D98-A7236E01AA27}.Debug|Any CPU.Build.0 = Debug|Any CPU
		{3063143F-AAF9-4B23-8D98-A7236E01AA27}.Release|Any CPU.ActiveCfg = Release|Any CPU
		{3063143F-AAF9-4B23-8D98-A7236E01AA27}.Release|Any CPU.Build.0 = Release|Any CPU
		{1C1BEA62-325F-48F8-8CC0-D5828A62F14F}.Debug|Any CPU.ActiveCfg = Debug|Any CPU
		{1C1BEA62-325F-48F8-8CC0-D5828A62F14F}.Debug|Any CPU.Build.0 = Debug|Any CPU
		{1C1BEA62-325F-48F8-8CC0-D5828A62F14F}.Release|Any CPU.ActiveCfg = Release|Any CPU
		{1C1BEA62-325F-48F8-8CC0-D5828A62F14F}.Release|Any CPU.Build.0 = Release|Any CPU
		{69081812-D523-4211-AE09-9DAF8E9B83D8}.Debug|Any CPU.ActiveCfg = Debug|Any CPU
		{69081812-D523-4211-AE09-9DAF8E9B83D8}.Debug|Any CPU.Build.0 = Debug|Any CPU
		{69081812-D523-4211-AE09-9DAF8E9B83D8}.Release|Any CPU.ActiveCfg = Release|Any CPU
		{69081812-D523-4211-AE09-9DAF8E9B83D8}.Release|Any CPU.Build.0 = Release|Any CPU
		{3BA31E13-3748-4C4A-BE68-24D2E3DF0DC1}.Debug|Any CPU.ActiveCfg = Debug|Any CPU
		{3BA31E13-3748-4C4A-BE68-24D2E3DF0DC1}.Debug|Any CPU.Build.0 = Debug|Any CPU
		{3BA31E13-3748-4C4A-BE68-24D2E3DF0DC1}.Release|Any CPU.ActiveCfg = Release|Any CPU
		{3BA31E13-3748-4C4A-BE68-24D2E3DF0DC1}.Release|Any CPU.Build.0 = Release|Any CPU
		{B595BB51-666D-4E39-86EE-F9A3B8D8DA58}.Debug|Any CPU.ActiveCfg = Debug|Any CPU
		{B595BB51-666D-4E39-86EE-F9A3B8D8DA58}.Debug|Any CPU.Build.0 = Debug|Any CPU
		{B595BB51-666D-4E39-86EE-F9A3B8D8DA58}.Release|Any CPU.ActiveCfg = Release|Any CPU
		{B595BB51-666D-4E39-86EE-F9A3B8D8DA58}.Release|Any CPU.Build.0 = Release|Any CPU
		{2510B3B5-87EE-44AB-A2A7-BCAE9E6E91C6}.Debug|Any CPU.ActiveCfg = Debug|Any CPU
		{2510B3B5-87EE-44AB-A2A7-BCAE9E6E91C6}.Debug|Any CPU.Build.0 = Debug|Any CPU
		{2510B3B5-87EE-44AB-A2A7-BCAE9E6E91C6}.Release|Any CPU.ActiveCfg = Release|Any CPU
		{2510B3B5-87EE-44AB-A2A7-BCAE9E6E91C6}.Release|Any CPU.Build.0 = Release|Any CPU
		{DD4A53CF-D840-48BF-8F8F-33E39D492BD3}.Debug|Any CPU.ActiveCfg = Debug|Any CPU
		{DD4A53CF-D840-48BF-8F8F-33E39D492BD3}.Debug|Any CPU.Build.0 = Debug|Any CPU
		{DD4A53CF-D840-48BF-8F8F-33E39D492BD3}.Release|Any CPU.ActiveCfg = Release|Any CPU
		{DD4A53CF-D840-48BF-8F8F-33E39D492BD3}.Release|Any CPU.Build.0 = Release|Any CPU
		{E1BB66AE-E4E6-441F-9B5C-1B7FFDF7912C}.Debug|Any CPU.ActiveCfg = Debug|Any CPU
		{E1BB66AE-E4E6-441F-9B5C-1B7FFDF7912C}.Debug|Any CPU.Build.0 = Debug|Any CPU
		{E1BB66AE-E4E6-441F-9B5C-1B7FFDF7912C}.Release|Any CPU.ActiveCfg = Release|Any CPU
		{E1BB66AE-E4E6-441F-9B5C-1B7FFDF7912C}.Release|Any CPU.Build.0 = Release|Any CPU
		{F0B9DD20-6230-4381-8814-072C2E159624}.Debug|Any CPU.ActiveCfg = Debug|Any CPU
		{F0B9DD20-6230-4381-8814-072C2E159624}.Debug|Any CPU.Build.0 = Debug|Any CPU
		{F0B9DD20-6230-4381-8814-072C2E159624}.Release|Any CPU.ActiveCfg = Release|Any CPU
		{F0B9DD20-6230-4381-8814-072C2E159624}.Release|Any CPU.Build.0 = Release|Any CPU
		{CAF5FFD6-9598-412D-8569-EB62136D34C8}.Debug|Any CPU.ActiveCfg = Debug|Any CPU
		{CAF5FFD6-9598-412D-8569-EB62136D34C8}.Debug|Any CPU.Build.0 = Debug|Any CPU
		{CAF5FFD6-9598-412D-8569-EB62136D34C8}.Release|Any CPU.ActiveCfg = Release|Any CPU
		{CAF5FFD6-9598-412D-8569-EB62136D34C8}.Release|Any CPU.Build.0 = Release|Any CPU
		{EBA96217-EAD0-456C-B1C6-79A7A227ED0A}.Debug|Any CPU.ActiveCfg = Debug|Any CPU
		{EBA96217-EAD0-456C-B1C6-79A7A227ED0A}.Debug|Any CPU.Build.0 = Debug|Any CPU
		{EBA96217-EAD0-456C-B1C6-79A7A227ED0A}.Release|Any CPU.ActiveCfg = Release|Any CPU
		{EBA96217-EAD0-456C-B1C6-79A7A227ED0A}.Release|Any CPU.Build.0 = Release|Any CPU
		{E3D6C525-24EE-4FA3-B2E4-AC8397F7BB1F}.Debug|Any CPU.ActiveCfg = Debug|Any CPU
		{E3D6C525-24EE-4FA3-B2E4-AC8397F7BB1F}.Debug|Any CPU.Build.0 = Debug|Any CPU
		{E3D6C525-24EE-4FA3-B2E4-AC8397F7BB1F}.Release|Any CPU.ActiveCfg = Release|Any CPU
		{E3D6C525-24EE-4FA3-B2E4-AC8397F7BB1F}.Release|Any CPU.Build.0 = Release|Any CPU
		{9F76EF2C-CAF7-470E-A3A4-195D10B9FCD3}.Debug|Any CPU.ActiveCfg = Debug|Any CPU
		{9F76EF2C-CAF7-470E-A3A4-195D10B9FCD3}.Debug|Any CPU.Build.0 = Debug|Any CPU
		{9F76EF2C-CAF7-470E-A3A4-195D10B9FCD3}.Release|Any CPU.ActiveCfg = Release|Any CPU
		{9F76EF2C-CAF7-470E-A3A4-195D10B9FCD3}.Release|Any CPU.Build.0 = Release|Any CPU
		{8B14DDDD-DCEF-4EF6-B2B4-5A6D525E1E18}.Debug|Any CPU.ActiveCfg = Debug|Any CPU
		{8B14DDDD-DCEF-4EF6-B2B4-5A6D525E1E18}.Debug|Any CPU.Build.0 = Debug|Any CPU
		{8B14DDDD-DCEF-4EF6-B2B4-5A6D525E1E18}.Release|Any CPU.ActiveCfg = Release|Any CPU
		{8B14DDDD-DCEF-4EF6-B2B4-5A6D525E1E18}.Release|Any CPU.Build.0 = Release|Any CPU
		{F47BA875-AF2F-4D00-AB75-A62A6E31387C}.Debug|Any CPU.ActiveCfg = Debug|Any CPU
		{F47BA875-AF2F-4D00-AB75-A62A6E31387C}.Debug|Any CPU.Build.0 = Debug|Any CPU
		{F47BA875-AF2F-4D00-AB75-A62A6E31387C}.Release|Any CPU.ActiveCfg = Release|Any CPU
		{F47BA875-AF2F-4D00-AB75-A62A6E31387C}.Release|Any CPU.Build.0 = Release|Any CPU
		{F40EDCD6-7BEC-4F1E-BE95-8CD91389122F}.Debug|Any CPU.ActiveCfg = Debug|Any CPU
		{F40EDCD6-7BEC-4F1E-BE95-8CD91389122F}.Debug|Any CPU.Build.0 = Debug|Any CPU
		{F40EDCD6-7BEC-4F1E-BE95-8CD91389122F}.Release|Any CPU.ActiveCfg = Release|Any CPU
		{F40EDCD6-7BEC-4F1E-BE95-8CD91389122F}.Release|Any CPU.Build.0 = Release|Any CPU
		{C1759C38-D2E4-4869-B6C2-259B26586E11}.Debug|Any CPU.ActiveCfg = Debug|Any CPU
		{C1759C38-D2E4-4869-B6C2-259B26586E11}.Debug|Any CPU.Build.0 = Debug|Any CPU
		{C1759C38-D2E4-4869-B6C2-259B26586E11}.Release|Any CPU.ActiveCfg = Release|Any CPU
		{C1759C38-D2E4-4869-B6C2-259B26586E11}.Release|Any CPU.Build.0 = Release|Any CPU
		{65D5229E-6D7D-41D2-BB68-2EBA40E9DCE3}.Debug|Any CPU.ActiveCfg = Debug|Any CPU
		{65D5229E-6D7D-41D2-BB68-2EBA40E9DCE3}.Debug|Any CPU.Build.0 = Debug|Any CPU
		{65D5229E-6D7D-41D2-BB68-2EBA40E9DCE3}.Release|Any CPU.ActiveCfg = Release|Any CPU
		{65D5229E-6D7D-41D2-BB68-2EBA40E9DCE3}.Release|Any CPU.Build.0 = Release|Any CPU
		{B3E1C7CD-0992-49BB-B44A-E129912763DB}.Debug|Any CPU.ActiveCfg = Debug|Any CPU
		{B3E1C7CD-0992-49BB-B44A-E129912763DB}.Debug|Any CPU.Build.0 = Debug|Any CPU
		{B3E1C7CD-0992-49BB-B44A-E129912763DB}.Release|Any CPU.ActiveCfg = Release|Any CPU
		{B3E1C7CD-0992-49BB-B44A-E129912763DB}.Release|Any CPU.Build.0 = Release|Any CPU
		{3B479362-7079-4112-AFA1-3C344E83C8C2}.Debug|Any CPU.ActiveCfg = Debug|Any CPU
		{3B479362-7079-4112-AFA1-3C344E83C8C2}.Debug|Any CPU.Build.0 = Debug|Any CPU
		{3B479362-7079-4112-AFA1-3C344E83C8C2}.Release|Any CPU.ActiveCfg = Release|Any CPU
		{3B479362-7079-4112-AFA1-3C344E83C8C2}.Release|Any CPU.Build.0 = Release|Any CPU
		{6F43E7FE-AD78-47D6-86FA-33B42DC55882}.Debug|Any CPU.ActiveCfg = Debug|Any CPU
		{6F43E7FE-AD78-47D6-86FA-33B42DC55882}.Debug|Any CPU.Build.0 = Debug|Any CPU
		{6F43E7FE-AD78-47D6-86FA-33B42DC55882}.Release|Any CPU.ActiveCfg = Release|Any CPU
		{6F43E7FE-AD78-47D6-86FA-33B42DC55882}.Release|Any CPU.Build.0 = Release|Any CPU
		{FBD8C83E-D3F9-4CE3-B5DD-9C326CBC692C}.Debug|Any CPU.ActiveCfg = Debug|Any CPU
		{FBD8C83E-D3F9-4CE3-B5DD-9C326CBC692C}.Debug|Any CPU.Build.0 = Debug|Any CPU
		{FBD8C83E-D3F9-4CE3-B5DD-9C326CBC692C}.Release|Any CPU.ActiveCfg = Release|Any CPU
		{FBD8C83E-D3F9-4CE3-B5DD-9C326CBC692C}.Release|Any CPU.Build.0 = Release|Any CPU
		{4A8355E0-FF05-4DF3-B735-4B11BEAD95C5}.Debug|Any CPU.ActiveCfg = Debug|Any CPU
		{4A8355E0-FF05-4DF3-B735-4B11BEAD95C5}.Debug|Any CPU.Build.0 = Debug|Any CPU
		{4A8355E0-FF05-4DF3-B735-4B11BEAD95C5}.Release|Any CPU.ActiveCfg = Release|Any CPU
		{4A8355E0-FF05-4DF3-B735-4B11BEAD95C5}.Release|Any CPU.Build.0 = Release|Any CPU
		{557D8195-C886-4B52-BBC4-285A1C1057FF}.Debug|Any CPU.ActiveCfg = Debug|Any CPU
		{557D8195-C886-4B52-BBC4-285A1C1057FF}.Debug|Any CPU.Build.0 = Debug|Any CPU
		{557D8195-C886-4B52-BBC4-285A1C1057FF}.Release|Any CPU.ActiveCfg = Release|Any CPU
		{557D8195-C886-4B52-BBC4-285A1C1057FF}.Release|Any CPU.Build.0 = Release|Any CPU
		{EC089303-B1E1-482F-BAED-530DAB4C1346}.Debug|Any CPU.ActiveCfg = Debug|Any CPU
		{EC089303-B1E1-482F-BAED-530DAB4C1346}.Debug|Any CPU.Build.0 = Debug|Any CPU
		{EC089303-B1E1-482F-BAED-530DAB4C1346}.Release|Any CPU.ActiveCfg = Release|Any CPU
		{EC089303-B1E1-482F-BAED-530DAB4C1346}.Release|Any CPU.Build.0 = Release|Any CPU
		{F2C5A71D-91C7-4270-8150-8D96DA73538C}.Debug|Any CPU.ActiveCfg = Debug|Any CPU
		{F2C5A71D-91C7-4270-8150-8D96DA73538C}.Debug|Any CPU.Build.0 = Debug|Any CPU
		{F2C5A71D-91C7-4270-8150-8D96DA73538C}.Release|Any CPU.ActiveCfg = Release|Any CPU
		{F2C5A71D-91C7-4270-8150-8D96DA73538C}.Release|Any CPU.Build.0 = Release|Any CPU
		{88473211-C7AD-4F83-92C2-D4E6B9BB9D8A}.Debug|Any CPU.ActiveCfg = Debug|Any CPU
		{88473211-C7AD-4F83-92C2-D4E6B9BB9D8A}.Debug|Any CPU.Build.0 = Debug|Any CPU
		{88473211-C7AD-4F83-92C2-D4E6B9BB9D8A}.Release|Any CPU.ActiveCfg = Release|Any CPU
		{88473211-C7AD-4F83-92C2-D4E6B9BB9D8A}.Release|Any CPU.Build.0 = Release|Any CPU
	EndGlobalSection
	GlobalSection(SolutionProperties) = preSolution
		HideSolutionNode = FALSE
	EndGlobalSection
	GlobalSection(ExtensibilityGlobals) = postSolution
		SolutionGuid = {4CC0BCE7-4740-4C5D-990B-11428B9F1BD8}
	EndGlobalSection
EndGlobal
